{
  "name": "cj-broker",
  "version": "0.0.0",
  "lockfileVersion": 1,
  "requires": true,
  "dependencies": {
    "airbrake": {
      "version": "https://registry.npmjs.org/airbrake/-/airbrake-0.3.8.tgz",
      "integrity": "sha1-HbSiGkIhANBK87iARgfC/4PHtV8=",
      "requires": {
        "hashish": "https://registry.npmjs.org/hashish/-/hashish-0.0.4.tgz",
        "request": "https://registry.npmjs.org/request/-/request-2.21.0.tgz",
        "stack-trace": "https://registry.npmjs.org/stack-trace/-/stack-trace-0.0.9.tgz",
        "xmlbuilder": "https://registry.npmjs.org/xmlbuilder/-/xmlbuilder-0.4.3.tgz"
      }
    },
    "ansi-styles": {
      "version": "https://registry.npmjs.org/ansi-styles/-/ansi-styles-1.0.0.tgz",
      "integrity": "sha1-yxAt8cVvUSPquLZ817mAJ6AnkXg="
    },
    "asn1": {
      "version": "https://registry.npmjs.org/asn1/-/asn1-0.1.11.tgz",
      "integrity": "sha1-VZvhg3bQik7E2+gId9J4GGObLfc="
    },
    "assert-plus": {
      "version": "https://registry.npmjs.org/assert-plus/-/assert-plus-0.1.2.tgz",
      "integrity": "sha1-2T/9u2esVQd3m+MWp9ZRRkF77vg="
    },
    "async": {
      "version": "https://registry.npmjs.org/async/-/async-0.2.10.tgz",
      "integrity": "sha1-trvgsGdLnXGXCMo43owjfLUmw9E="
    },
    "aws-sign": {
      "version": "https://registry.npmjs.org/aws-sign/-/aws-sign-0.3.0.tgz",
      "integrity": "sha1-PYHKabR0seFlGHKLUcJP8Lvtxuk="
    },
    "boom": {
      "version": "https://registry.npmjs.org/boom/-/boom-0.4.2.tgz",
      "integrity": "sha1-emNune1O/O+xnO9JR6PGffrukRs=",
      "requires": {
        "hoek": "https://registry.npmjs.org/hoek/-/hoek-0.9.1.tgz"
      },
      "dependencies": {
        "hoek": {
          "version": "https://registry.npmjs.org/hoek/-/hoek-0.9.1.tgz",
          "integrity": "sha1-PTIkYrrfB3Fup+uFuviAec3c5QU="
        }
      }
    },
    "chalk": {
      "version": "https://registry.npmjs.org/chalk/-/chalk-0.4.0.tgz",
      "integrity": "sha1-UZmj3c0MHv4jvAjBsCewYXbgxk8=",
      "requires": {
        "ansi-styles": "https://registry.npmjs.org/ansi-styles/-/ansi-styles-1.0.0.tgz",
        "has-color": "https://registry.npmjs.org/has-color/-/has-color-0.1.7.tgz",
        "strip-ansi": "https://registry.npmjs.org/strip-ansi/-/strip-ansi-0.1.1.tgz"
      }
    },
    "cjson": {
      "version": "https://registry.npmjs.org/cjson/-/cjson-0.3.0.tgz",
      "integrity": "sha1-5kObkHA9MS/24iJAl76pLOPQKhQ=",
      "requires": {
        "jsonlint": "https://registry.npmjs.org/jsonlint/-/jsonlint-1.6.0.tgz"
      }
    },
    "combined-stream": {
      "version": "https://registry.npmjs.org/combined-stream/-/combined-stream-0.0.7.tgz",
      "integrity": "sha1-ATfmV7qlp1QcV6w3rF/AfXO03B8=",
      "requires": {
        "delayed-stream": "https://registry.npmjs.org/delayed-stream/-/delayed-stream-0.0.5.tgz"
      }
    },
    "convict": {
      "version": "https://registry.npmjs.org/convict/-/convict-0.4.3.tgz",
      "integrity": "sha1-z3FJ5kElJdKi6Zkbpufs9Lg3KJE=",
      "requires": {
        "cjson": "https://registry.npmjs.org/cjson/-/cjson-0.3.0.tgz",
        "moment": "https://registry.npmjs.org/moment/-/moment-2.6.0.tgz",
        "optimist": "https://registry.npmjs.org/optimist/-/optimist-0.6.0.tgz",
        "validator": "https://registry.npmjs.org/validator/-/validator-1.5.1.tgz"
      }
    },
    "cookie-jar": {
      "version": "https://registry.npmjs.org/cookie-jar/-/cookie-jar-0.3.0.tgz",
      "integrity": "sha1-vJon1OK5fhhs1XyeIGPLmfpozMw="
    },
    "cryptiles": {
      "version": "https://registry.npmjs.org/cryptiles/-/cryptiles-0.2.2.tgz",
      "integrity": "sha1-7ZH/HxetE9N0gohZT4pIoNJvMlw=",
      "requires": {
        "boom": "https://registry.npmjs.org/boom/-/boom-0.4.2.tgz"
      }
    },
    "ctype": {
      "version": "https://registry.npmjs.org/ctype/-/ctype-0.5.2.tgz",
      "integrity": "sha1-/oCR1Gijc6Cwyf+Lv7NCXACXOh0="
    },
    "daemon-pid": {
      "version": "https://registry.npmjs.org/daemon-pid/-/daemon-pid-1.0.0-b.3.tgz",
      "integrity": "sha1-yuzU11v5fRcO7LNa6DDTCWGLG6o=",
      "requires": {
        "async": "https://registry.npmjs.org/async/-/async-0.9.2.tgz"
      },
      "dependencies": {
        "async": {
          "version": "https://registry.npmjs.org/async/-/async-0.9.2.tgz",
          "integrity": "sha1-rqdNXmHB+JlhO/ZL2mbUx48v0X0="
        }
      }
    },
    "delayed-stream": {
      "version": "https://registry.npmjs.org/delayed-stream/-/delayed-stream-0.0.5.tgz",
      "integrity": "sha1-1LH0OpPoKW3+AmlPRoC8N6MTxz8="
    },
    "forever-agent": {
      "version": "https://registry.npmjs.org/forever-agent/-/forever-agent-0.5.2.tgz",
      "integrity": "sha1-bQ4JxJIflKJ/Y9O0nF/v8epMUTA="
    },
    "form-data": {
      "version": "https://registry.npmjs.org/form-data/-/form-data-0.0.8.tgz",
      "integrity": "sha1-CJDNEAXFzOzAudJKiAUskkQtDbU=",
      "requires": {
        "async": "https://registry.npmjs.org/async/-/async-0.2.10.tgz",
        "combined-stream": "https://registry.npmjs.org/combined-stream/-/combined-stream-0.0.7.tgz",
        "mime": "https://registry.npmjs.org/mime/-/mime-1.2.11.tgz"
      }
    },
    "has-color": {
      "version": "https://registry.npmjs.org/has-color/-/has-color-0.1.7.tgz",
      "integrity": "sha1-ZxRKUmDDT8PMpnfQQdr1L+e3iy8="
    },
    "hashish": {
      "version": "https://registry.npmjs.org/hashish/-/hashish-0.0.4.tgz",
      "integrity": "sha1-bWC8b/r3Ebav1g5CbQd5iAFOZVQ=",
      "requires": {
        "traverse": "https://registry.npmjs.org/traverse/-/traverse-0.6.6.tgz"
      }
    },
    "hawk": {
      "version": "https://registry.npmjs.org/hawk/-/hawk-0.13.1.tgz",
      "integrity": "sha1-NheViCH1gxHk1/beKR/KZitBLvQ=",
      "requires": {
        "boom": "https://registry.npmjs.org/boom/-/boom-0.4.2.tgz",
        "cryptiles": "https://registry.npmjs.org/cryptiles/-/cryptiles-0.2.2.tgz",
        "hoek": "https://registry.npmjs.org/hoek/-/hoek-0.8.5.tgz",
        "sntp": "https://registry.npmjs.org/sntp/-/sntp-0.2.4.tgz"
      }
    },
    "hoek": {
      "version": "https://registry.npmjs.org/hoek/-/hoek-0.8.5.tgz",
      "integrity": "sha1-Hp/XcO9+vgJ0rfy1sIBqAlpeTp8="
    },
    "http-signature": {
      "version": "https://registry.npmjs.org/http-signature/-/http-signature-0.9.11.tgz",
      "integrity": "sha1-nognFFcjFeZ5Cl0KeVXv/x8Z5lM=",
      "requires": {
        "asn1": "https://registry.npmjs.org/asn1/-/asn1-0.1.11.tgz",
        "assert-plus": "https://registry.npmjs.org/assert-plus/-/assert-plus-0.1.2.tgz",
        "ctype": "https://registry.npmjs.org/ctype/-/ctype-0.5.2.tgz"
      }
    },
    "json-stringify-safe": {
      "version": "https://registry.npmjs.org/json-stringify-safe/-/json-stringify-safe-4.0.0.tgz",
      "integrity": "sha1-d8JxqupUMC5o7+rMtWq78GqbGlQ="
    },
    "jsonlint": {
      "version": "https://registry.npmjs.org/jsonlint/-/jsonlint-1.6.0.tgz",
      "integrity": "sha1-iKpGvCiaesk7tGyuLVihh6m7SUo=",
      "requires": {
        "JSV": "https://registry.npmjs.org/JSV/-/JSV-4.0.2.tgz",
        "nomnom": "https://registry.npmjs.org/nomnom/-/nomnom-1.8.1.tgz"
      }
    },
    "JSV": {
      "version": "https://registry.npmjs.org/JSV/-/JSV-4.0.2.tgz",
      "integrity": "sha1-0Hf2glVx+CEy+d/67Vh7QCn+/1c="
    },
    "lodash": {
      "version": "https://registry.npmjs.org/lodash/-/lodash-2.4.2.tgz",
      "integrity": "sha1-+t2DS5aDBz2hebPq5tnA0VBT9z4="
    },
    "logger-facade-airbrake-plugin": {
      "version": "https://registry.npmjs.org/logger-facade-airbrake-plugin/-/logger-facade-airbrake-plugin-0.0.0.tgz",
      "integrity": "sha1-7N3duUkBt1QBoHfGLoFYNFeJeAE=",
      "requires": {
        "airbrake": "https://registry.npmjs.org/airbrake/-/airbrake-0.3.8.tgz",
        "lodash": "https://registry.npmjs.org/lodash/-/lodash-2.4.2.tgz"
      }
    },
    "logger-facade-console-plugin-nodejs": {
      "version": "https://registry.npmjs.org/logger-facade-console-plugin-nodejs/-/logger-facade-console-plugin-nodejs-0.0.1.tgz",
      "integrity": "sha1-rJhFFBLRzgX6f0MXAR6zsSx/K1Y=",
      "requires": {
        "lodash": "https://registry.npmjs.org/lodash/-/lodash-2.4.2.tgz",
        "moment": "https://registry.npmjs.org/moment/-/moment-2.17.1.tgz"
      },
      "dependencies": {
        "moment": {
          "version": "https://registry.npmjs.org/moment/-/moment-2.17.1.tgz",
          "integrity": "sha1-/tlQYGPzaxDwZsi1mhRNf66+HYI="
        }
      }
    },
    "logger-facade-nodejs": {
      "version": "https://registry.npmjs.org/logger-facade-nodejs/-/logger-facade-nodejs-0.0.2.tgz",
      "integrity": "sha1-nNgCMuqBcgowE6GKYn9zvCzrYy4="
    },
    "mime": {
      "version": "https://registry.npmjs.org/mime/-/mime-1.2.11.tgz",
      "integrity": "sha1-WCA+7Ybjpe8XrtK32evUfwpg3RA="
    },
    "minimist": {
      "version": "https://registry.npmjs.org/minimist/-/minimist-0.0.10.tgz",
      "integrity": "sha1-3j+YVD2/lggr5IrRoMfNqDYwHc8="
    },
    "moment": {
      "version": "https://registry.npmjs.org/moment/-/moment-2.6.0.tgz",
      "integrity": "sha1-B2W3K4Qd0hP6kZFMD2dlEicZ8GE="
    },
    "node-uuid": {
      "version": "https://registry.npmjs.org/node-uuid/-/node-uuid-1.4.7.tgz",
      "integrity": "sha1-baWhdmjEs91ZYjvaEc9/pMH2Cm8="
    },
    "nomnom": {
      "version": "https://registry.npmjs.org/nomnom/-/nomnom-1.8.1.tgz",
      "integrity": "sha1-IVH3Ikcrp55Qp2/BJbuMjy5Nwqc=",
      "requires": {
        "chalk": "https://registry.npmjs.org/chalk/-/chalk-0.4.0.tgz",
        "underscore": "https://registry.npmjs.org/underscore/-/underscore-1.6.0.tgz"
      }
    },
    "oauth-sign": {
      "version": "https://registry.npmjs.org/oauth-sign/-/oauth-sign-0.3.0.tgz",
      "integrity": "sha1-y1QPk7srIqfVlBaRoojWDo6pOG4="
    },
    "optimist": {
      "version": "https://registry.npmjs.org/optimist/-/optimist-0.6.0.tgz",
      "integrity": "sha1-aUJIJvNAX3nxQub8PZrljU27kgA=",
      "requires": {
        "minimist": "https://registry.npmjs.org/minimist/-/minimist-0.0.10.tgz",
        "wordwrap": "https://registry.npmjs.org/wordwrap/-/wordwrap-0.0.3.tgz"
      }
    },
    "qs": {
      "version": "https://registry.npmjs.org/qs/-/qs-0.6.6.tgz",
      "integrity": "sha1-bgFQmP9RlouKPIGQAdXyyJvEsQc="
    },
    "request": {
      "version": "https://registry.npmjs.org/request/-/request-2.21.0.tgz",
      "integrity": "sha1-VyirnEXlqHyZ2szVMCmLZnOoaNc=",
      "requires": {
        "aws-sign": "https://registry.npmjs.org/aws-sign/-/aws-sign-0.3.0.tgz",
        "cookie-jar": "https://registry.npmjs.org/cookie-jar/-/cookie-jar-0.3.0.tgz",
        "forever-agent": "https://registry.npmjs.org/forever-agent/-/forever-agent-0.5.2.tgz",
        "form-data": "https://registry.npmjs.org/form-data/-/form-data-0.0.8.tgz",
        "hawk": "https://registry.npmjs.org/hawk/-/hawk-0.13.1.tgz",
        "http-signature": "https://registry.npmjs.org/http-signature/-/http-signature-0.9.11.tgz",
        "json-stringify-safe": "https://registry.npmjs.org/json-stringify-safe/-/json-stringify-safe-4.0.0.tgz",
        "mime": "https://registry.npmjs.org/mime/-/mime-1.2.11.tgz",
        "node-uuid": "https://registry.npmjs.org/node-uuid/-/node-uuid-1.4.7.tgz",
        "oauth-sign": "https://registry.npmjs.org/oauth-sign/-/oauth-sign-0.3.0.tgz",
        "qs": "https://registry.npmjs.org/qs/-/qs-0.6.6.tgz",
        "tunnel-agent": "https://registry.npmjs.org/tunnel-agent/-/tunnel-agent-0.3.0.tgz"
      }
    },
    "sntp": {
      "version": "https://registry.npmjs.org/sntp/-/sntp-0.2.4.tgz",
      "integrity": "sha1-+4hfGLDzqtGJ+CSGJTa87ux1CQA=",
      "requires": {
        "hoek": "https://registry.npmjs.org/hoek/-/hoek-0.9.1.tgz"
      },
      "dependencies": {
        "hoek": {
          "version": "https://registry.npmjs.org/hoek/-/hoek-0.9.1.tgz",
          "integrity": "sha1-PTIkYrrfB3Fup+uFuviAec3c5QU="
        }
      }
    },
    "stack-trace": {
      "version": "https://registry.npmjs.org/stack-trace/-/stack-trace-0.0.9.tgz",
      "integrity": "sha1-qPbq7KkGdMMz58Q5U/J1tFFRBpU="
    },
    "strip-ansi": {
      "version": "https://registry.npmjs.org/strip-ansi/-/strip-ansi-0.1.1.tgz",
      "integrity": "sha1-OeipjQRNFQZgq+SmgIrPcLt7yZE="
    },
    "traverse": {
      "version": "https://registry.npmjs.org/traverse/-/traverse-0.6.6.tgz",
      "integrity": "sha1-y99WD9e5r2MlAv7UD5GMFX6pcTc="
    },
    "tunnel-agent": {
      "version": "https://registry.npmjs.org/tunnel-agent/-/tunnel-agent-0.3.0.tgz",
      "integrity": "sha1-rWgbaPUyGtKCfEz7G31d8s/pQu4="
    },
    "underscore": {
      "version": "https://registry.npmjs.org/underscore/-/underscore-1.6.0.tgz",
      "integrity": "sha1-izixDKze9jM3uLJOT/htRa6lKag="
    },
    "validator": {
      "version": "https://registry.npmjs.org/validator/-/validator-1.5.1.tgz",
      "integrity": "sha1-erNWy7y7sACrhcQ7jNoSYhsTRMA="
    },
    "wordwrap": {
      "version": "https://registry.npmjs.org/wordwrap/-/wordwrap-0.0.3.tgz",
      "integrity": "sha1-o9XabNXAvAAI03I0u68b7WMFkQc="
    },
    "xmlbuilder": {
      "version": "https://registry.npmjs.org/xmlbuilder/-/xmlbuilder-0.4.3.tgz",
      "integrity": "sha1-xGFLp04K0ZbmCcknLNnh3bKKilg="
    },
    "zmq-service-suite-broker": {
      "version": "0.0.7",
      "resolved": "https://registry.npmjs.org/zmq-service-suite-broker/-/zmq-service-suite-broker-0.0.7.tgz",
      "integrity": "sha1-LsMr8vPRLL2vkwDNgLxE2XDOZXw=",
      "requires": {
        "lodash": "https://registry.npmjs.org/lodash/-/lodash-2.4.2.tgz",
        "msgpack-js": "0.3.0",
        "uuid": "1.4.2",
        "zmq": "2.15.3",
        "zmq-service-suite-message": "0.0.2"
      },
      "dependencies": {
        "base64-js": {
          "version": "0.0.2",
          "resolved": "https://registry.npmjs.org/base64-js/-/base64-js-0.0.2.tgz",
          "integrity": "sha1-Ak8Pcq+iW3X5wO5zzU9V7Bvtl4Q="
        },
        "bindings": {
          "version": "1.2.1",
          "resolved": "https://registry.npmjs.org/bindings/-/bindings-1.2.1.tgz",
          "integrity": "sha1-FK1hE4EtLTfXLme0ystLtyZQXxE="
        },
        "bops": {
          "version": "0.0.7",
          "resolved": "https://registry.npmjs.org/bops/-/bops-0.0.7.tgz",
          "integrity": "sha1-tKClqDmkBkVK8P4FqLkaenZqVOI=",
          "requires": {
            "base64-js": "0.0.2",
            "to-utf8": "0.0.1"
          }
        },
        "msgpack-js": {
          "version": "0.3.0",
          "resolved": "https://registry.npmjs.org/msgpack-js/-/msgpack-js-0.3.0.tgz",
          "integrity": "sha1-Aw7AjFlW+cp9F9QKVy1Tlv7BCSM=",
          "requires": {
            "bops": "0.0.7"
          }
        },
        "nan": {
          "version": "2.3.5",
          "resolved": "https://registry.npmjs.org/nan/-/nan-2.3.5.tgz",
          "integrity": "sha1-gioNwmYpDOTNOhIoLKPn42Rmigg="
        },
        "to-utf8": {
          "version": "0.0.1",
          "resolved": "https://registry.npmjs.org/to-utf8/-/to-utf8-0.0.1.tgz",
          "integrity": "sha1-0Xrqcv8vujm55DYBvns/9y4ImFI="
        },
        "uuid": {
          "version": "1.4.2",
          "resolved": "https://registry.npmjs.org/uuid/-/uuid-1.4.2.tgz",
          "integrity": "sha1-RTAZ9oaWam34PNxSROfJkOzDMvw="
        },
        "zmq": {
          "version": "2.15.3",
          "resolved": "https://registry.npmjs.org/zmq/-/zmq-2.15.3.tgz",
          "integrity": "sha1-Zsbegsw2sJc0uCBwN3ZJCm+75iQ=",
          "requires": {
            "bindings": "1.2.1",
            "nan": "2.3.5"
          }
        },
        "zmq-service-suite-message": {
          "version": "0.0.2",
          "resolved": "https://registry.npmjs.org/zmq-service-suite-message/-/zmq-service-suite-message-0.0.2.tgz",
          "integrity": "sha1-A99bXI7isISnSqkRMP5zJnLYAyc=",
          "requires": {
            "msgpack-js": "0.3.0",
            "uuid": "1.4.2"
          }
        }
      }
    }
  }
}
